// !$*UTF8*$!
{
	archiveVersion = 1;
	classes = {
	};
	objectVersion = 55;
	objects = {

/* Begin PBXBuildFile section */
		E507DC6129B65F0C00B7CC1D /* AppDelegate.swift in Sources */ = {isa = PBXBuildFile; fileRef = E507DC6029B65F0C00B7CC1D /* AppDelegate.swift */; };
		E507DC6329B65F0C00B7CC1D /* SceneDelegate.swift in Sources */ = {isa = PBXBuildFile; fileRef = E507DC6229B65F0C00B7CC1D /* SceneDelegate.swift */; };
		E507DC6529B65F0C00B7CC1D /* ViewControllerA.swift in Sources */ = {isa = PBXBuildFile; fileRef = E507DC6429B65F0C00B7CC1D /* ViewControllerA.swift */; };
		E507DC6829B65F0C00B7CC1D /* Main.storyboard in Resources */ = {isa = PBXBuildFile; fileRef = E507DC6629B65F0C00B7CC1D /* Main.storyboard */; };
		E507DC6A29B65F0D00B7CC1D /* Assets.xcassets in Resources */ = {isa = PBXBuildFile; fileRef = E507DC6929B65F0D00B7CC1D /* Assets.xcassets */; };
		E507DC6D29B65F0E00B7CC1D /* LaunchScreen.storyboard in Resources */ = {isa = PBXBuildFile; fileRef = E507DC6B29B65F0E00B7CC1D /* LaunchScreen.storyboard */; };
		E507DC7829B65F0E00B7CC1D /* LesRecettesTests.swift in Sources */ = {isa = PBXBuildFile; fileRef = E507DC7729B65F0E00B7CC1D /* LesRecettesTests.swift */; };
		E507DC8229B65F0E00B7CC1D /* LesRecettesUITests.swift in Sources */ = {isa = PBXBuildFile; fileRef = E507DC8129B65F0E00B7CC1D /* LesRecettesUITests.swift */; };
		E507DC8429B65F0E00B7CC1D /* LesRecettesUITestsLaunchTests.swift in Sources */ = {isa = PBXBuildFile; fileRef = E507DC8329B65F0E00B7CC1D /* LesRecettesUITestsLaunchTests.swift */; };
		E5122EE929BFD20C00F79421 /* Models.swift in Sources */ = {isa = PBXBuildFile; fileRef = E5122EE829BFD20C00F79421 /* Models.swift */; };
		E5A23A6229C3527F009EA636 /* RecipeCell.swift in Sources */ = {isa = PBXBuildFile; fileRef = E5A23A6029C3527F009EA636 /* RecipeCell.swift */; };
		E5A23A6329C3527F009EA636 /* RecipeCell.xib in Resources */ = {isa = PBXBuildFile; fileRef = E5A23A6129C3527F009EA636 /* RecipeCell.xib */; };
		E5A23A6529C358A2009EA636 /* RecipesViewModel.swift in Sources */ = {isa = PBXBuildFile; fileRef = E5A23A6429C358A2009EA636 /* RecipesViewModel.swift */; };
		E5A23A6729C35EF2009EA636 /* RecipeCellViewModel.swift in Sources */ = {isa = PBXBuildFile; fileRef = E5A23A6629C35EF2009EA636 /* RecipeCellViewModel.swift */; };
/* End PBXBuildFile section */

/* Begin PBXContainerItemProxy section */
		E507DC7429B65F0E00B7CC1D /* PBXContainerItemProxy */ = {
			isa = PBXContainerItemProxy;
			containerPortal = E507DC5529B65F0C00B7CC1D /* Project object */;
			proxyType = 1;
			remoteGlobalIDString = E507DC5C29B65F0C00B7CC1D;
			remoteInfo = LesRecettes;
		};
		E507DC7E29B65F0E00B7CC1D /* PBXContainerItemProxy */ = {
			isa = PBXContainerItemProxy;
			containerPortal = E507DC5529B65F0C00B7CC1D /* Project object */;
			proxyType = 1;
			remoteGlobalIDString = E507DC5C29B65F0C00B7CC1D;
			remoteInfo = LesRecettes;
		};
/* End PBXContainerItemProxy section */

/* Begin PBXFileReference section */
		E507DC5D29B65F0C00B7CC1D /* LesRecettes.app */ = {isa = PBXFileReference; explicitFileType = wrapper.application; includeInIndex = 0; path = LesRecettes.app; sourceTree = BUILT_PRODUCTS_DIR; };
		E507DC6029B65F0C00B7CC1D /* AppDelegate.swift */ = {isa = PBXFileReference; lastKnownFileType = sourcecode.swift; path = AppDelegate.swift; sourceTree = "<group>"; };
		E507DC6229B65F0C00B7CC1D /* SceneDelegate.swift */ = {isa = PBXFileReference; lastKnownFileType = sourcecode.swift; path = SceneDelegate.swift; sourceTree = "<group>"; };
		E507DC6429B65F0C00B7CC1D /* ViewControllerA.swift */ = {isa = PBXFileReference; lastKnownFileType = sourcecode.swift; path = ViewControllerA.swift; sourceTree = "<group>"; };
		E507DC6729B65F0C00B7CC1D /* Base */ = {isa = PBXFileReference; lastKnownFileType = file.storyboard; name = Base; path = Base.lproj/Main.storyboard; sourceTree = "<group>"; };
		E507DC6929B65F0D00B7CC1D /* Assets.xcassets */ = {isa = PBXFileReference; lastKnownFileType = folder.assetcatalog; path = Assets.xcassets; sourceTree = "<group>"; };
		E507DC6C29B65F0E00B7CC1D /* Base */ = {isa = PBXFileReference; lastKnownFileType = file.storyboard; name = Base; path = Base.lproj/LaunchScreen.storyboard; sourceTree = "<group>"; };
		E507DC6E29B65F0E00B7CC1D /* Info.plist */ = {isa = PBXFileReference; lastKnownFileType = text.plist.xml; path = Info.plist; sourceTree = "<group>"; };
		E507DC7329B65F0E00B7CC1D /* LesRecettesTests.xctest */ = {isa = PBXFileReference; explicitFileType = wrapper.cfbundle; includeInIndex = 0; path = LesRecettesTests.xctest; sourceTree = BUILT_PRODUCTS_DIR; };
		E507DC7729B65F0E00B7CC1D /* LesRecettesTests.swift */ = {isa = PBXFileReference; lastKnownFileType = sourcecode.swift; path = LesRecettesTests.swift; sourceTree = "<group>"; };
		E507DC7D29B65F0E00B7CC1D /* LesRecettesUITests.xctest */ = {isa = PBXFileReference; explicitFileType = wrapper.cfbundle; includeInIndex = 0; path = LesRecettesUITests.xctest; sourceTree = BUILT_PRODUCTS_DIR; };
		E507DC8129B65F0E00B7CC1D /* LesRecettesUITests.swift */ = {isa = PBXFileReference; lastKnownFileType = sourcecode.swift; path = LesRecettesUITests.swift; sourceTree = "<group>"; };
		E507DC8329B65F0E00B7CC1D /* LesRecettesUITestsLaunchTests.swift */ = {isa = PBXFileReference; lastKnownFileType = sourcecode.swift; path = LesRecettesUITestsLaunchTests.swift; sourceTree = "<group>"; };
		E5122EE829BFD20C00F79421 /* Models.swift */ = {isa = PBXFileReference; lastKnownFileType = sourcecode.swift; path = Models.swift; sourceTree = "<group>"; };
		E5A23A6029C3527F009EA636 /* RecipeCell.swift */ = {isa = PBXFileReference; lastKnownFileType = sourcecode.swift; path = RecipeCell.swift; sourceTree = "<group>"; };
		E5A23A6129C3527F009EA636 /* RecipeCell.xib */ = {isa = PBXFileReference; lastKnownFileType = file.xib; path = RecipeCell.xib; sourceTree = "<group>"; };
		E5A23A6429C358A2009EA636 /* RecipesViewModel.swift */ = {isa = PBXFileReference; lastKnownFileType = sourcecode.swift; path = RecipesViewModel.swift; sourceTree = "<group>"; };
		E5A23A6629C35EF2009EA636 /* RecipeCellViewModel.swift */ = {isa = PBXFileReference; lastKnownFileType = sourcecode.swift; path = RecipeCellViewModel.swift; sourceTree = "<group>"; };
/* End PBXFileReference section */

/* Begin PBXFrameworksBuildPhase section */
		E507DC5A29B65F0C00B7CC1D /* Frameworks */ = {
			isa = PBXFrameworksBuildPhase;
			buildActionMask = 2147483647;
			files = (
			);
			runOnlyForDeploymentPostprocessing = 0;
		};
		E507DC7029B65F0E00B7CC1D /* Frameworks */ = {
			isa = PBXFrameworksBuildPhase;
			buildActionMask = 2147483647;
			files = (
			);
			runOnlyForDeploymentPostprocessing = 0;
		};
		E507DC7A29B65F0E00B7CC1D /* Frameworks */ = {
			isa = PBXFrameworksBuildPhase;
			buildActionMask = 2147483647;
			files = (
			);
			runOnlyForDeploymentPostprocessing = 0;
		};
/* End PBXFrameworksBuildPhase section */

/* Begin PBXGroup section */
		E507DC5429B65F0C00B7CC1D = {
			isa = PBXGroup;
			children = (
				E507DC5F29B65F0C00B7CC1D /* LesRecettes */,
				E507DC7629B65F0E00B7CC1D /* LesRecettesTests */,
				E507DC8029B65F0E00B7CC1D /* LesRecettesUITests */,
				E507DC5E29B65F0C00B7CC1D /* Products */,
			);
			sourceTree = "<group>";
		};
		E507DC5E29B65F0C00B7CC1D /* Products */ = {
			isa = PBXGroup;
			children = (
				E507DC5D29B65F0C00B7CC1D /* LesRecettes.app */,
				E507DC7329B65F0E00B7CC1D /* LesRecettesTests.xctest */,
				E507DC7D29B65F0E00B7CC1D /* LesRecettesUITests.xctest */,
			);
			name = Products;
			sourceTree = "<group>";
		};
		E507DC5F29B65F0C00B7CC1D /* LesRecettes */ = {
			isa = PBXGroup;
			children = (
				E5122EE729BFD1EE00F79421 /* Model */,
				E5122EE629BFD1D700F79421 /* View */,
				E5122EEA29BFDFEA00F79421 /* ViewModels */,
				E507DC6029B65F0C00B7CC1D /* AppDelegate.swift */,
				E507DC6229B65F0C00B7CC1D /* SceneDelegate.swift */,
				E507DC6629B65F0C00B7CC1D /* Main.storyboard */,
				E507DC6929B65F0D00B7CC1D /* Assets.xcassets */,
				E507DC6B29B65F0E00B7CC1D /* LaunchScreen.storyboard */,
				E507DC6E29B65F0E00B7CC1D /* Info.plist */,
			);
			path = LesRecettes;
			sourceTree = "<group>";
		};
		E507DC7629B65F0E00B7CC1D /* LesRecettesTests */ = {
			isa = PBXGroup;
			children = (
				E507DC7729B65F0E00B7CC1D /* LesRecettesTests.swift */,
			);
			path = LesRecettesTests;
			sourceTree = "<group>";
		};
		E507DC8029B65F0E00B7CC1D /* LesRecettesUITests */ = {
			isa = PBXGroup;
			children = (
				E507DC8129B65F0E00B7CC1D /* LesRecettesUITests.swift */,
				E507DC8329B65F0E00B7CC1D /* LesRecettesUITestsLaunchTests.swift */,
			);
			path = LesRecettesUITests;
			sourceTree = "<group>";
		};
		E5122EE629BFD1D700F79421 /* View */ = {
			isa = PBXGroup;
			children = (
				E507DC6429B65F0C00B7CC1D /* ViewControllerA.swift */,
			);
			path = View;
			sourceTree = "<group>";
		};
		E5122EE729BFD1EE00F79421 /* Model */ = {
			isa = PBXGroup;
			children = (
				E5122EE829BFD20C00F79421 /* Models.swift */,
			);
			path = Model;
			sourceTree = "<group>";
		};
		E5122EEA29BFDFEA00F79421 /* ViewModels */ = {
			isa = PBXGroup;
			children = (
				E5A23A6029C3527F009EA636 /* RecipeCell.swift */,
				E5A23A6129C3527F009EA636 /* RecipeCell.xib */,
				E5A23A6629C35EF2009EA636 /* RecipeCellViewModel.swift */,
				E5A23A6429C358A2009EA636 /* RecipesViewModel.swift */,
			);
			path = ViewModels;
			sourceTree = "<group>";
		};
/* End PBXGroup section */

/* Begin PBXNativeTarget section */
		E507DC5C29B65F0C00B7CC1D /* LesRecettes */ = {
			isa = PBXNativeTarget;
			buildConfigurationList = E507DC8729B65F0E00B7CC1D /* Build configuration list for PBXNativeTarget "LesRecettes" */;
			buildPhases = (
				E507DC5929B65F0C00B7CC1D /* Sources */,
				E507DC5A29B65F0C00B7CC1D /* Frameworks */,
				E507DC5B29B65F0C00B7CC1D /* Resources */,
			);
			buildRules = (
			);
			dependencies = (
			);
			name = LesRecettes;
			productName = LesRecettes;
			productReference = E507DC5D29B65F0C00B7CC1D /* LesRecettes.app */;
			productType = "com.apple.product-type.application";
		};
		E507DC7229B65F0E00B7CC1D /* LesRecettesTests */ = {
			isa = PBXNativeTarget;
			buildConfigurationList = E507DC8A29B65F0E00B7CC1D /* Build configuration list for PBXNativeTarget "LesRecettesTests" */;
			buildPhases = (
				E507DC6F29B65F0E00B7CC1D /* Sources */,
				E507DC7029B65F0E00B7CC1D /* Frameworks */,
				E507DC7129B65F0E00B7CC1D /* Resources */,
			);
			buildRules = (
			);
			dependencies = (
				E507DC7529B65F0E00B7CC1D /* PBXTargetDependency */,
			);
			name = LesRecettesTests;
			productName = LesRecettesTests;
			productReference = E507DC7329B65F0E00B7CC1D /* LesRecettesTests.xctest */;
			productType = "com.apple.product-type.bundle.unit-test";
		};
		E507DC7C29B65F0E00B7CC1D /* LesRecettesUITests */ = {
			isa = PBXNativeTarget;
			buildConfigurationList = E507DC8D29B65F0E00B7CC1D /* Build configuration list for PBXNativeTarget "LesRecettesUITests" */;
			buildPhases = (
				E507DC7929B65F0E00B7CC1D /* Sources */,
				E507DC7A29B65F0E00B7CC1D /* Frameworks */,
				E507DC7B29B65F0E00B7CC1D /* Resources */,
			);
			buildRules = (
			);
			dependencies = (
				E507DC7F29B65F0E00B7CC1D /* PBXTargetDependency */,
			);
			name = LesRecettesUITests;
			productName = LesRecettesUITests;
			productReference = E507DC7D29B65F0E00B7CC1D /* LesRecettesUITests.xctest */;
			productType = "com.apple.product-type.bundle.ui-testing";
		};
/* End PBXNativeTarget section */

/* Begin PBXProject section */
		E507DC5529B65F0C00B7CC1D /* Project object */ = {
			isa = PBXProject;
			attributes = {
				BuildIndependentTargetsInParallel = 1;
				LastSwiftUpdateCheck = 1340;
				LastUpgradeCheck = 1340;
				TargetAttributes = {
					E507DC5C29B65F0C00B7CC1D = {
						CreatedOnToolsVersion = 13.4.1;
					};
					E507DC7229B65F0E00B7CC1D = {
						CreatedOnToolsVersion = 13.4.1;
						TestTargetID = E507DC5C29B65F0C00B7CC1D;
					};
					E507DC7C29B65F0E00B7CC1D = {
						CreatedOnToolsVersion = 13.4.1;
						TestTargetID = E507DC5C29B65F0C00B7CC1D;
					};
				};
			};
			buildConfigurationList = E507DC5829B65F0C00B7CC1D /* Build configuration list for PBXProject "LesRecettes" */;
			compatibilityVersion = "Xcode 13.0";
			developmentRegion = en;
			hasScannedForEncodings = 0;
			knownRegions = (
				en,
				Base,
			);
			mainGroup = E507DC5429B65F0C00B7CC1D;
			productRefGroup = E507DC5E29B65F0C00B7CC1D /* Products */;
			projectDirPath = "";
			projectRoot = "";
			targets = (
				E507DC5C29B65F0C00B7CC1D /* LesRecettes */,
				E507DC7229B65F0E00B7CC1D /* LesRecettesTests */,
				E507DC7C29B65F0E00B7CC1D /* LesRecettesUITests */,
			);
		};
/* End PBXProject section */

/* Begin PBXResourcesBuildPhase section */
		E507DC5B29B65F0C00B7CC1D /* Resources */ = {
			isa = PBXResourcesBuildPhase;
			buildActionMask = 2147483647;
			files = (
				E507DC6D29B65F0E00B7CC1D /* LaunchScreen.storyboard in Resources */,
				E507DC6A29B65F0D00B7CC1D /* Assets.xcassets in Resources */,
				E5A23A6329C3527F009EA636 /* RecipeCell.xib in Resources */,
				E507DC6829B65F0C00B7CC1D /* Main.storyboard in Resources */,
			);
			runOnlyForDeploymentPostprocessing = 0;
		};
		E507DC7129B65F0E00B7CC1D /* Resources */ = {
			isa = PBXResourcesBuildPhase;
			buildActionMask = 2147483647;
			files = (
			);
			runOnlyForDeploymentPostprocessing = 0;
		};
		E507DC7B29B65F0E00B7CC1D /* Resources */ = {
			isa = PBXResourcesBuildPhase;
			buildActionMask = 2147483647;
			files = (
			);
			runOnlyForDeploymentPostprocessing = 0;
		};
/* End PBXResourcesBuildPhase section */

/* Begin PBXSourcesBuildPhase section */
		E507DC5929B65F0C00B7CC1D /* Sources */ = {
			isa = PBXSourcesBuildPhase;
			buildActionMask = 2147483647;
			files = (
				E5A23A6529C358A2009EA636 /* RecipesViewModel.swift in Sources */,
				E5A23A6229C3527F009EA636 /* RecipeCell.swift in Sources */,
				E507DC6529B65F0C00B7CC1D /* ViewControllerA.swift in Sources */,
				E5A23A6729C35EF2009EA636 /* RecipeCellViewModel.swift in Sources */,
				E5122EE929BFD20C00F79421 /* Models.swift in Sources */,
				E507DC6129B65F0C00B7CC1D /* AppDelegate.swift in Sources */,
				E507DC6329B65F0C00B7CC1D /* SceneDelegate.swift in Sources */,
			);
			runOnlyForDeploymentPostprocessing = 0;
		};
		E507DC6F29B65F0E00B7CC1D /* Sources */ = {
			isa = PBXSourcesBuildPhase;
			buildActionMask = 2147483647;
			files = (
				E507DC7829B65F0E00B7CC1D /* LesRecettesTests.swift in Sources */,
			);
			runOnlyForDeploymentPostprocessing = 0;
		};
		E507DC7929B65F0E00B7CC1D /* Sources */ = {
			isa = PBXSourcesBuildPhase;
			buildActionMask = 2147483647;
			files = (
				E507DC8429B65F0E00B7CC1D /* LesRecettesUITestsLaunchTests.swift in Sources */,
				E507DC8229B65F0E00B7CC1D /* LesRecettesUITests.swift in Sources */,
			);
			runOnlyForDeploymentPostprocessing = 0;
		};
/* End PBXSourcesBuildPhase section */

/* Begin PBXTargetDependency section */
		E507DC7529B65F0E00B7CC1D /* PBXTargetDependency */ = {
			isa = PBXTargetDependency;
			target = E507DC5C29B65F0C00B7CC1D /* LesRecettes */;
			targetProxy = E507DC7429B65F0E00B7CC1D /* PBXContainerItemProxy */;
		};
		E507DC7F29B65F0E00B7CC1D /* PBXTargetDependency */ = {
			isa = PBXTargetDependency;
			target = E507DC5C29B65F0C00B7CC1D /* LesRecettes */;
			targetProxy = E507DC7E29B65F0E00B7CC1D /* PBXContainerItemProxy */;
		};
/* End PBXTargetDependency section */

/* Begin PBXVariantGroup section */
		E507DC6629B65F0C00B7CC1D /* Main.storyboard */ = {
			isa = PBXVariantGroup;
			children = (
				E507DC6729B65F0C00B7CC1D /* Base */,
			);
			name = Main.storyboard;
			sourceTree = "<group>";
		};
		E507DC6B29B65F0E00B7CC1D /* LaunchScreen.storyboard */ = {
			isa = PBXVariantGroup;
			children = (
				E507DC6C29B65F0E00B7CC1D /* Base */,
			);
			name = LaunchScreen.storyboard;
			sourceTree = "<group>";
		};
/* End PBXVariantGroup section */

/* Begin XCBuildConfiguration section */
		E507DC8529B65F0E00B7CC1D /* Debug */ = {
			isa = XCBuildConfiguration;
			buildSettings = {
				ALWAYS_SEARCH_USER_PATHS = NO;
				CLANG_ANALYZER_NONNULL = YES;
				CLANG_ANALYZER_NUMBER_OBJECT_CONVERSION = YES_AGGRESSIVE;
				CLANG_CXX_LANGUAGE_STANDARD = "gnu++17";
				CLANG_ENABLE_MODULES = YES;
				CLANG_ENABLE_OBJC_ARC = YES;
				CLANG_ENABLE_OBJC_WEAK = YES;
				CLANG_WARN_BLOCK_CAPTURE_AUTORELEASING = YES;
				CLANG_WARN_BOOL_CONVERSION = YES;
				CLANG_WARN_COMMA = YES;
				CLANG_WARN_CONSTANT_CONVERSION = YES;
				CLANG_WARN_DEPRECATED_OBJC_IMPLEMENTATIONS = YES;
				CLANG_WARN_DIRECT_OBJC_ISA_USAGE = YES_ERROR;
				CLANG_WARN_DOCUMENTATION_COMMENTS = YES;
				CLANG_WARN_EMPTY_BODY = YES;
				CLANG_WARN_ENUM_CONVERSION = YES;
				CLANG_WARN_INFINITE_RECURSION = YES;
				CLANG_WARN_INT_CONVERSION = YES;
				CLANG_WARN_NON_LITERAL_NULL_CONVERSION = YES;
				CLANG_WARN_OBJC_IMPLICIT_RETAIN_SELF = YES;
				CLANG_WARN_OBJC_LITERAL_CONVERSION = YES;
				CLANG_WARN_OBJC_ROOT_CLASS = YES_ERROR;
				CLANG_WARN_QUOTED_INCLUDE_IN_FRAMEWORK_HEADER = YES;
				CLANG_WARN_RANGE_LOOP_ANALYSIS = YES;
				CLANG_WARN_STRICT_PROTOTYPES = YES;
				CLANG_WARN_SUSPICIOUS_MOVE = YES;
				CLANG_WARN_UNGUARDED_AVAILABILITY = YES_AGGRESSIVE;
				CLANG_WARN_UNREACHABLE_CODE = YES;
				CLANG_WARN__DUPLICATE_METHOD_MATCH = YES;
				COPY_PHASE_STRIP = NO;
				DEBUG_INFORMATION_FORMAT = dwarf;
				ENABLE_STRICT_OBJC_MSGSEND = YES;
				ENABLE_TESTABILITY = YES;
				GCC_C_LANGUAGE_STANDARD = gnu11;
				GCC_DYNAMIC_NO_PIC = NO;
				GCC_NO_COMMON_BLOCKS = YES;
				GCC_OPTIMIZATION_LEVEL = 0;
				GCC_PREPROCESSOR_DEFINITIONS = (
					"DEBUG=1",
					"$(inherited)",
				);
				GCC_WARN_64_TO_32_BIT_CONVERSION = YES;
				GCC_WARN_ABOUT_RETURN_TYPE = YES_ERROR;
				GCC_WARN_UNDECLARED_SELECTOR = YES;
				GCC_WARN_UNINITIALIZED_AUTOS = YES_AGGRESSIVE;
				GCC_WARN_UNUSED_FUNCTION = YES;
				GCC_WARN_UNUSED_VARIABLE = YES;
				IPHONEOS_DEPLOYMENT_TARGET = 15.5;
				MTL_ENABLE_DEBUG_INFO = INCLUDE_SOURCE;
				MTL_FAST_MATH = YES;
				ONLY_ACTIVE_ARCH = YES;
				SDKROOT = iphoneos;
				SWIFT_ACTIVE_COMPILATION_CONDITIONS = DEBUG;
				SWIFT_OPTIMIZATION_LEVEL = "-Onone";
			};
			name = Debug;
		};
		E507DC8629B65F0E00B7CC1D /* Release */ = {
			isa = XCBuildConfiguration;
			buildSettings = {
				ALWAYS_SEARCH_USER_PATHS = NO;
				CLANG_ANALYZER_NONNULL = YES;
				CLANG_ANALYZER_NUMBER_OBJECT_CONVERSION = YES_AGGRESSIVE;
				CLANG_CXX_LANGUAGE_STANDARD = "gnu++17";
				CLANG_ENABLE_MODULES = YES;
				CLANG_ENABLE_OBJC_ARC = YES;
				CLANG_ENABLE_OBJC_WEAK = YES;
				CLANG_WARN_BLOCK_CAPTURE_AUTORELEASING = YES;
				CLANG_WARN_BOOL_CONVERSION = YES;
				CLANG_WARN_COMMA = YES;
				CLANG_WARN_CONSTANT_CONVERSION = YES;
				CLANG_WARN_DEPRECATED_OBJC_IMPLEMENTATIONS = YES;
				CLANG_WARN_DIRECT_OBJC_ISA_USAGE = YES_ERROR;
				CLANG_WARN_DOCUMENTATION_COMMENTS = YES;
				CLANG_WARN_EMPTY_BODY = YES;
				CLANG_WARN_ENUM_CONVERSION = YES;
				CLANG_WARN_INFINITE_RECURSION = YES;
				CLANG_WARN_INT_CONVERSION = YES;
				CLANG_WARN_NON_LITERAL_NULL_CONVERSION = YES;
				CLANG_WARN_OBJC_IMPLICIT_RETAIN_SELF = YES;
				CLANG_WARN_OBJC_LITERAL_CONVERSION = YES;
				CLANG_WARN_OBJC_ROOT_CLASS = YES_ERROR;
				CLANG_WARN_QUOTED_INCLUDE_IN_FRAMEWORK_HEADER = YES;
				CLANG_WARN_RANGE_LOOP_ANALYSIS = YES;
				CLANG_WARN_STRICT_PROTOTYPES = YES;
				CLANG_WARN_SUSPICIOUS_MOVE = YES;
				CLANG_WARN_UNGUARDED_AVAILABILITY = YES_AGGRESSIVE;
				CLANG_WARN_UNREACHABLE_CODE = YES;
				CLANG_WARN__DUPLICATE_METHOD_MATCH = YES;
				COPY_PHASE_STRIP = NO;
				DEBUG_INFORMATION_FORMAT = "dwarf-with-dsym";
				ENABLE_NS_ASSERTIONS = NO;
				ENABLE_STRICT_OBJC_MSGSEND = YES;
				GCC_C_LANGUAGE_STANDARD = gnu11;
				GCC_NO_COMMON_BLOCKS = YES;
				GCC_WARN_64_TO_32_BIT_CONVERSION = YES;
				GCC_WARN_ABOUT_RETURN_TYPE = YES_ERROR;
				GCC_WARN_UNDECLARED_SELECTOR = YES;
				GCC_WARN_UNINITIALIZED_AUTOS = YES_AGGRESSIVE;
				GCC_WARN_UNUSED_FUNCTION = YES;
				GCC_WARN_UNUSED_VARIABLE = YES;
				IPHONEOS_DEPLOYMENT_TARGET = 15.5;
				MTL_ENABLE_DEBUG_INFO = NO;
				MTL_FAST_MATH = YES;
				SDKROOT = iphoneos;
				SWIFT_COMPILATION_MODE = wholemodule;
				SWIFT_OPTIMIZATION_LEVEL = "-O";
				VALIDATE_PRODUCT = YES;
			};
			name = Release;
		};
		E507DC8829B65F0E00B7CC1D /* Debug */ = {
			isa = XCBuildConfiguration;
			buildSettings = {
				ASSETCATALOG_COMPILER_APPICON_NAME = AppIcon;
				ASSETCATALOG_COMPILER_GLOBAL_ACCENT_COLOR_NAME = AccentColor;
				CODE_SIGN_STYLE = Automatic;
				CURRENT_PROJECT_VERSION = 1;
				GENERATE_INFOPLIST_FILE = YES;
				INFOPLIST_FILE = LesRecettes/Info.plist;
				INFOPLIST_KEY_UIApplicationSupportsIndirectInputEvents = YES;
				INFOPLIST_KEY_UILaunchStoryboardName = LaunchScreen;
				INFOPLIST_KEY_UIMainStoryboardFile = Main;
				INFOPLIST_KEY_UISupportedInterfaceOrientations_iPad = "UIInterfaceOrientationPortrait UIInterfaceOrientationPortraitUpsideDown UIInterfaceOrientationLandscapeLeft UIInterfaceOrientationLandscapeRight";
				INFOPLIST_KEY_UISupportedInterfaceOrientations_iPhone = "UIInterfaceOrientationPortrait UIInterfaceOrientationLandscapeLeft UIInterfaceOrientationLandscapeRight";
				LD_RUNPATH_SEARCH_PATHS = (
					"$(inherited)",
					"@executable_path/Frameworks",
				);
				MARKETING_VERSION = 1.0;
				PRODUCT_BUNDLE_IDENTIFIER = tonyngok.LesRecettes;
				PRODUCT_NAME = "$(TARGET_NAME)";
				SWIFT_EMIT_LOC_STRINGS = YES;
				SWIFT_VERSION = 5.0;
				TARGETED_DEVICE_FAMILY = "1,2";
			};
			name = Debug;
		};
		E507DC8929B65F0E00B7CC1D /* Release */ = {
			isa = XCBuildConfiguration;
			buildSettings = {
				ASSETCATALOG_COMPILER_APPICON_NAME = AppIcon;
				ASSETCATALOG_COMPILER_GLOBAL_ACCENT_COLOR_NAME = AccentColor;
				CODE_SIGN_STYLE = Automatic;
				CURRENT_PROJECT_VERSION = 1;
				GENERATE_INFOPLIST_FILE = YES;
				INFOPLIST_FILE = LesRecettes/Info.plist;
				INFOPLIST_KEY_UIApplicationSupportsIndirectInputEvents = YES;
				INFOPLIST_KEY_UILaunchStoryboardName = LaunchScreen;
				INFOPLIST_KEY_UIMainStoryboardFile = Main;
				INFOPLIST_KEY_UISupportedInterfaceOrientations_iPad = "UIInterfaceOrientationPortrait UIInterfaceOrientationPortraitUpsideDown UIInterfaceOrientationLandscapeLeft UIInterfaceOrientationLandscapeRight";
				INFOPLIST_KEY_UISupportedInterfaceOrientations_iPhone = "UIInterfaceOrientationPortrait UIInterfaceOrientationLandscapeLeft UIInterfaceOrientationLandscapeRight";
				LD_RUNPATH_SEARCH_PATHS = (
					"$(inherited)",
					"@executable_path/Frameworks",
				);
				MARKETING_VERSION = 1.0;
				PRODUCT_BUNDLE_IDENTIFIER = tonyngok.LesRecettes;
				PRODUCT_NAME = "$(TARGET_NAME)";
				SWIFT_EMIT_LOC_STRINGS = YES;
				SWIFT_VERSION = 5.0;
				TARGETED_DEVICE_FAMILY = "1,2";
			};
			name = Release;
		};
		E507DC8B29B65F0E00B7CC1D /* Debug */ = {
			isa = XCBuildConfiguration;
			buildSettings = {
				ALWAYS_EMBED_SWIFT_STANDARD_LIBRARIES = YES;
				BUNDLE_LOADER = "$(TEST_HOST)";
				CODE_SIGN_STYLE = Automatic;
				CURRENT_PROJECT_VERSION = 1;
				GENERATE_INFOPLIST_FILE = YES;
				IPHONEOS_DEPLOYMENT_TARGET = 15.5;
				MARKETING_VERSION = 1.0;
				PRODUCT_BUNDLE_IDENTIFIER = tonyngok.LesRecettesTests;
				PRODUCT_NAME = "$(TARGET_NAME)";
				SWIFT_EMIT_LOC_STRINGS = NO;
				SWIFT_VERSION = 5.0;
				TARGETED_DEVICE_FAMILY = "1,2";
				TEST_HOST = "$(BUILT_PRODUCTS_DIR)/LesRecettes.app/LesRecettes";
			};
			name = Debug;
		};
		E507DC8C29B65F0E00B7CC1D /* Release */ = {
			isa = XCBuildConfiguration;
			buildSettings = {
				ALWAYS_EMBED_SWIFT_STANDARD_LIBRARIES = YES;
				BUNDLE_LOADER = "$(TEST_HOST)";
				CODE_SIGN_STYLE = Automatic;
				CURRENT_PROJECT_VERSION = 1;
				GENERATE_INFOPLIST_FILE = YES;
				IPHONEOS_DEPLOYMENT_TARGET = 15.5;
				MARKETING_VERSION = 1.0;
				PRODUCT_BUNDLE_IDENTIFIER = tonyngok.LesRecettesTests;
				PRODUCT_NAME = "$(TARGET_NAME)";
				SWIFT_EMIT_LOC_STRINGS = NO;
				SWIFT_VERSION = 5.0;
				TARGETED_DEVICE_FAMILY = "1,2";
				TEST_HOST = "$(BUILT_PRODUCTS_DIR)/LesRecettes.app/LesRecettes";
			};
			name = Release;
		};
		E507DC8E29B65F0E00B7CC1D /* Debug */ = {
			isa = XCBuildConfiguration;
			buildSettings = {
				ALWAYS_EMBED_SWIFT_STANDARD_LIBRARIES = YES;
				CODE_SIGN_STYLE = Automatic;
				CURRENT_PROJECT_VERSION = 1;
				GENERATE_INFOPLIST_FILE = YES;
				MARKETING_VERSION = 1.0;
				PRODUCT_BUNDLE_IDENTIFIER = tonyngok.LesRecettesUITests;
				PRODUCT_NAME = "$(TARGET_NAME)";
				SWIFT_EMIT_LOC_STRINGS = NO;
				SWIFT_VERSION = 5.0;
				TARGETED_DEVICE_FAMILY = "1,2";
				TEST_TARGET_NAME = LesRecettes;
			};
			name = Debug;
		};
		E507DC8F29B65F0E00B7CC1D /* Release */ = {
			isa = XCBuildConfiguration;
			buildSettings = {
				ALWAYS_EMBED_SWIFT_STANDARD_LIBRARIES = YES;
				CODE_SIGN_STYLE = Automatic;
				CURRENT_PROJECT_VERSION = 1;
				GENERATE_INFOPLIST_FILE = YES;
				MARKETING_VERSION = 1.0;
				PRODUCT_BUNDLE_IDENTIFIER = tonyngok.LesRecettesUITests;
				PRODUCT_NAME = "$(TARGET_NAME)";
				SWIFT_EMIT_LOC_STRINGS = NO;
				SWIFT_VERSION = 5.0;
				TARGETED_DEVICE_FAMILY = "1,2";
				TEST_TARGET_NAME = LesRecettes;
			};
			name = Release;
		};
/* End XCBuildConfiguration section */

/* Begin XCConfigurationList section */
		E507DC5829B65F0C00B7CC1D /* Build configuration list for PBXProject "LesRecettes" */ = {
			isa = XCConfigurationList;
			buildConfigurations = (
				E507DC8529B65F0E00B7CC1D /* Debug */,
				E507DC8629B65F0E00B7CC1D /* Release */,
			);
			defaultConfigurationIsVisible = 0;
			defaultConfigurationName = Release;
		};
		E507DC8729B65F0E00B7CC1D /* Build configuration list for PBXNativeTarget "LesRecettes" */ = {
			isa = XCConfigurationList;
			buildConfigurations = (
				E507DC8829B65F0E00B7CC1D /* Debug */,
				E507DC8929B65F0E00B7CC1D /* Release */,
			);
			defaultConfigurationIsVisible = 0;
			defaultConfigurationName = Release;
		};
		E507DC8A29B65F0E00B7CC1D /* Build configuration list for PBXNativeTarget "LesRecettesTests" */ = {
			isa = XCConfigurationList;
			buildConfigurations = (
				E507DC8B29B65F0E00B7CC1D /* Debug */,
				E507DC8C29B65F0E00B7CC1D /* Release */,
			);
			defaultConfigurationIsVisible = 0;
			defaultConfigurationName = Release;
		};
		E507DC8D29B65F0E00B7CC1D /* Build configuration list for PBXNativeTarget "LesRecettesUITests" */ = {
			isa = XCConfigurationList;
			buildConfigurations = (
				E507DC8E29B65F0E00B7CC1D /* Debug */,
				E507DC8F29B65F0E00B7CC1D /* Release */,
			);
			defaultConfigurationIsVisible = 0;
			defaultConfigurationName = Release;
		};
/* End XCConfigurationList section */
	};
	rootObject = E507DC5529B65F0C00B7CC1D /* Project object */;
}
